
Microsoft Visual Studio Solution File, Format Version 12.00
# Visual Studio Version 16
VisualStudioVersion = 16.0.31313.79
MinimumVisualStudioVersion = 10.0.40219.1
Project("{FAE04EC0-301F-11D3-BF4B-00C04F79EFBC}") = "CSharpNotes", "CSharpNotes\CSharpNotes.csproj", "{910770DF-97DD-4ABA-AF7E-80AE3F193EA4}"
EndProject
Global
	GlobalSection(SolutionConfigurationPlatforms) = preSolution
		Debug|Any CPU = Debug|Any CPU
		Release|Any CPU = Release|Any CPU
	EndGlobalSection
	GlobalSection(ProjectConfigurationPlatforms) = postSolution
		{910770DF-97DD-4ABA-AF7E-80AE3F193EA4}.Debug|Any CPU.ActiveCfg = Debug|Any CPU
		{910770DF-97DD-4ABA-AF7E-80AE3F193EA4}.Debug|Any CPU.Build.0 = Debug|Any CPU
		{910770DF-97DD-4ABA-AF7E-80AE3F193EA4}.Release|Any CPU.ActiveCfg = Release|Any CPU
		{910770DF-97DD-4ABA-AF7E-80AE3F193EA4}.Release|Any CPU.Build.0 = Release|Any CPU
	EndGlobalSection
	GlobalSection(SolutionProperties) = preSolution
		HideSolutionNode = FALSE
	EndGlobalSection
	GlobalSection(ExtensibilityGlobals) = postSolution
		SolutionGuid = {2ED79169-656F-485B-BC56-8C8D4212A066}
	EndGlobalSection
EndGlobal
